
Microsoft Visual Studio Solution File, Format Version 12.00
# Visual Studio Version 16
VisualStudioVersion = 16.0.31402.337
MinimumVisualStudioVersion = 10.0.40219.1
Project("{9A19103F-16F7-4668-BE54-9A1E7A4F7556}") = "WorkerService", "WorkerService\WorkerService.csproj", "{B2CE4789-2F09-4F99-BE88-D2B0B00DB35C}"
EndProject
Global
	GlobalSection(SolutionConfigurationPlatforms) = preSolution
		Debug|Any CPU = Debug|Any CPU
		Release|Any CPU = Release|Any CPU
	EndGlobalSection
	GlobalSection(ProjectConfigurationPlatforms) = postSolution
		{B2CE4789-2F09-4F99-BE88-D2B0B00DB35C}.Debug|Any CPU.ActiveCfg = Debug|Any CPU
		{B2CE4789-2F09-4F99-BE88-D2B0B00DB35C}.Debug|Any CPU.Build.0 = Debug|Any CPU
		{B2CE4789-2F09-4F99-BE88-D2B0B00DB35C}.Release|Any CPU.ActiveCfg = Release|Any CPU
		{B2CE4789-2F09-4F99-BE88-D2B0B00DB35C}.Release|Any CPU.Build.0 = Release|Any CPU
	EndGlobalSection
	GlobalSection(SolutionProperties) = preSolution
		HideSolutionNode = FALSE
	EndGlobalSection
	GlobalSection(ExtensibilityGlobals) = postSolution
		SolutionGuid = {713D5A54-0A66-48BD-ACCA-159E51A3F563}
	EndGlobalSection
EndGlobal
